// !$*UTF8*$!
{
	archiveVersion = 1;
	classes = {
	};
	objectVersion = 55;
	objects = {

/* Begin PBXBuildFile section */
		0457D40B27D1FC5F008744CA /* AppDelegate.swift in Sources */ = {isa = PBXBuildFile; fileRef = 0457D40A27D1FC5F008744CA /* AppDelegate.swift */; };
		0457D40D27D1FC5F008744CA /* SceneDelegate.swift in Sources */ = {isa = PBXBuildFile; fileRef = 0457D40C27D1FC5F008744CA /* SceneDelegate.swift */; };
		0457D40F27D1FC5F008744CA /* ViewController.swift in Sources */ = {isa = PBXBuildFile; fileRef = 0457D40E27D1FC5F008744CA /* ViewController.swift */; };
		0457D41227D1FC5F008744CA /* Main.storyboard in Resources */ = {isa = PBXBuildFile; fileRef = 0457D41027D1FC5F008744CA /* Main.storyboard */; };
		0457D41427D1FC61008744CA /* Assets.xcassets in Resources */ = {isa = PBXBuildFile; fileRef = 0457D41327D1FC61008744CA /* Assets.xcassets */; };
		0457D41727D1FC61008744CA /* LaunchScreen.storyboard in Resources */ = {isa = PBXBuildFile; fileRef = 0457D41527D1FC61008744CA /* LaunchScreen.storyboard */; };
		0457D42227D1FC61008744CA /* RxPagerViewTests.swift in Sources */ = {isa = PBXBuildFile; fileRef = 0457D42127D1FC61008744CA /* RxPagerViewTests.swift */; };
		0457D42C27D1FC61008744CA /* RxPagerViewUITests.swift in Sources */ = {isa = PBXBuildFile; fileRef = 0457D42B27D1FC61008744CA /* RxPagerViewUITests.swift */; };
		0457D42E27D1FC61008744CA /* RxPagerViewUITestsLaunchTests.swift in Sources */ = {isa = PBXBuildFile; fileRef = 0457D42D27D1FC61008744CA /* RxPagerViewUITestsLaunchTests.swift */; };
		0457D43D27D200CE008744CA /* RxFSPagerView.swift in Sources */ = {isa = PBXBuildFile; fileRef = 0457D43B27D200CE008744CA /* RxFSPagerView.swift */; };
		0457D43E27D200CE008744CA /* RxFSPageControl.swift in Sources */ = {isa = PBXBuildFile; fileRef = 0457D43C27D200CE008744CA /* RxFSPageControl.swift */; };
		0457D44027D208BD008744CA /* Note.swift in Sources */ = {isa = PBXBuildFile; fileRef = 0457D43F27D208BD008744CA /* Note.swift */; };
		2947D4A1F698C1E034FADA40 /* Pods_RxPagerView.framework in Frameworks */ = {isa = PBXBuildFile; fileRef = 3195CC7175DF313A09B1B024 /* Pods_RxPagerView.framework */; };
		700B2686DFB996C0EE6F35B2 /* Pods_RxPagerView_RxPagerViewUITests.framework in Frameworks */ = {isa = PBXBuildFile; fileRef = 50CCF5E3D827DD50A8CCFAC7 /* Pods_RxPagerView_RxPagerViewUITests.framework */; };
		BF13B72A13B6E56B7658AF66 /* Pods_RxPagerViewTests.framework in Frameworks */ = {isa = PBXBuildFile; fileRef = 244A4B5CD30F88153A5EA81C /* Pods_RxPagerViewTests.framework */; };
/* End PBXBuildFile section */

/* Begin PBXContainerItemProxy section */
		0457D41E27D1FC61008744CA /* PBXContainerItemProxy */ = {
			isa = PBXContainerItemProxy;
			containerPortal = 0457D3FF27D1FC5F008744CA /* Project object */;
			proxyType = 1;
			remoteGlobalIDString = 0457D40627D1FC5F008744CA;
			remoteInfo = RxPagerView;
		};
		0457D42827D1FC61008744CA /* PBXContainerItemProxy */ = {
			isa = PBXContainerItemProxy;
			containerPortal = 0457D3FF27D1FC5F008744CA /* Project object */;
			proxyType = 1;
			remoteGlobalIDString = 0457D40627D1FC5F008744CA;
			remoteInfo = RxPagerView;
		};
/* End PBXContainerItemProxy section */

/* Begin PBXFileReference section */
		0457D40727D1FC5F008744CA /* RxPagerView.app */ = {isa = PBXFileReference; explicitFileType = wrapper.application; includeInIndex = 0; path = RxPagerView.app; sourceTree = BUILT_PRODUCTS_DIR; };
		0457D40A27D1FC5F008744CA /* AppDelegate.swift */ = {isa = PBXFileReference; lastKnownFileType = sourcecode.swift; path = AppDelegate.swift; sourceTree = "<group>"; };
		0457D40C27D1FC5F008744CA /* SceneDelegate.swift */ = {isa = PBXFileReference; lastKnownFileType = sourcecode.swift; path = SceneDelegate.swift; sourceTree = "<group>"; };
		0457D40E27D1FC5F008744CA /* ViewController.swift */ = {isa = PBXFileReference; lastKnownFileType = sourcecode.swift; path = ViewController.swift; sourceTree = "<group>"; };
		0457D41127D1FC5F008744CA /* Base */ = {isa = PBXFileReference; lastKnownFileType = file.storyboard; name = Base; path = Base.lproj/Main.storyboard; sourceTree = "<group>"; };
		0457D41327D1FC61008744CA /* Assets.xcassets */ = {isa = PBXFileReference; lastKnownFileType = folder.assetcatalog; path = Assets.xcassets; sourceTree = "<group>"; };
		0457D41627D1FC61008744CA /* Base */ = {isa = PBXFileReference; lastKnownFileType = file.storyboard; name = Base; path = Base.lproj/LaunchScreen.storyboard; sourceTree = "<group>"; };
		0457D41827D1FC61008744CA /* Info.plist */ = {isa = PBXFileReference; lastKnownFileType = text.plist.xml; path = Info.plist; sourceTree = "<group>"; };
		0457D41D27D1FC61008744CA /* RxPagerViewTests.xctest */ = {isa = PBXFileReference; explicitFileType = wrapper.cfbundle; includeInIndex = 0; path = RxPagerViewTests.xctest; sourceTree = BUILT_PRODUCTS_DIR; };
		0457D42127D1FC61008744CA /* RxPagerViewTests.swift */ = {isa = PBXFileReference; lastKnownFileType = sourcecode.swift; path = RxPagerViewTests.swift; sourceTree = "<group>"; };
		0457D42727D1FC61008744CA /* RxPagerViewUITests.xctest */ = {isa = PBXFileReference; explicitFileType = wrapper.cfbundle; includeInIndex = 0; path = RxPagerViewUITests.xctest; sourceTree = BUILT_PRODUCTS_DIR; };
		0457D42B27D1FC61008744CA /* RxPagerViewUITests.swift */ = {isa = PBXFileReference; lastKnownFileType = sourcecode.swift; path = RxPagerViewUITests.swift; sourceTree = "<group>"; };
		0457D42D27D1FC61008744CA /* RxPagerViewUITestsLaunchTests.swift */ = {isa = PBXFileReference; lastKnownFileType = sourcecode.swift; path = RxPagerViewUITestsLaunchTests.swift; sourceTree = "<group>"; };
		0457D43B27D200CE008744CA /* RxFSPagerView.swift */ = {isa = PBXFileReference; fileEncoding = 4; lastKnownFileType = sourcecode.swift; path = RxFSPagerView.swift; sourceTree = "<group>"; };
		0457D43C27D200CE008744CA /* RxFSPageControl.swift */ = {isa = PBXFileReference; fileEncoding = 4; lastKnownFileType = sourcecode.swift; path = RxFSPageControl.swift; sourceTree = "<group>"; };
		0457D43F27D208BD008744CA /* Note.swift */ = {isa = PBXFileReference; lastKnownFileType = sourcecode.swift; path = Note.swift; sourceTree = "<group>"; };
		244A4B5CD30F88153A5EA81C /* Pods_RxPagerViewTests.framework */ = {isa = PBXFileReference; explicitFileType = wrapper.framework; includeInIndex = 0; path = Pods_RxPagerViewTests.framework; sourceTree = BUILT_PRODUCTS_DIR; };
		3195CC7175DF313A09B1B024 /* Pods_RxPagerView.framework */ = {isa = PBXFileReference; explicitFileType = wrapper.framework; includeInIndex = 0; path = Pods_RxPagerView.framework; sourceTree = BUILT_PRODUCTS_DIR; };
		42566FA56F384EB99244A467 /* Pods-RxPagerView-RxPagerViewUITests.release.xcconfig */ = {isa = PBXFileReference; includeInIndex = 1; lastKnownFileType = text.xcconfig; name = "Pods-RxPagerView-RxPagerViewUITests.release.xcconfig"; path = "Target Support Files/Pods-RxPagerView-RxPagerViewUITests/Pods-RxPagerView-RxPagerViewUITests.release.xcconfig"; sourceTree = "<group>"; };
		50CCF5E3D827DD50A8CCFAC7 /* Pods_RxPagerView_RxPagerViewUITests.framework */ = {isa = PBXFileReference; explicitFileType = wrapper.framework; includeInIndex = 0; path = Pods_RxPagerView_RxPagerViewUITests.framework; sourceTree = BUILT_PRODUCTS_DIR; };
		87D75B4554A3AF5F7B5BF09D /* Pods-RxPagerView.release.xcconfig */ = {isa = PBXFileReference; includeInIndex = 1; lastKnownFileType = text.xcconfig; name = "Pods-RxPagerView.release.xcconfig"; path = "Target Support Files/Pods-RxPagerView/Pods-RxPagerView.release.xcconfig"; sourceTree = "<group>"; };
		9BB478DFF4EA06D312897B7D /* Pods-RxPagerViewTests.release.xcconfig */ = {isa = PBXFileReference; includeInIndex = 1; lastKnownFileType = text.xcconfig; name = "Pods-RxPagerViewTests.release.xcconfig"; path = "Target Support Files/Pods-RxPagerViewTests/Pods-RxPagerViewTests.release.xcconfig"; sourceTree = "<group>"; };
		CA3D1694057E87997CB4C1F5 /* Pods-RxPagerView.debug.xcconfig */ = {isa = PBXFileReference; includeInIndex = 1; lastKnownFileType = text.xcconfig; name = "Pods-RxPagerView.debug.xcconfig"; path = "Target Support Files/Pods-RxPagerView/Pods-RxPagerView.debug.xcconfig"; sourceTree = "<group>"; };
		CD4C7A9C2497BEC5329CDBE3 /* Pods-RxPagerView-RxPagerViewUITests.debug.xcconfig */ = {isa = PBXFileReference; includeInIndex = 1; lastKnownFileType = text.xcconfig; name = "Pods-RxPagerView-RxPagerViewUITests.debug.xcconfig"; path = "Target Support Files/Pods-RxPagerView-RxPagerViewUITests/Pods-RxPagerView-RxPagerViewUITests.debug.xcconfig"; sourceTree = "<group>"; };
		CE5A06D3BCB8ED8BA4CF2C03 /* Pods-RxPagerViewTests.debug.xcconfig */ = {isa = PBXFileReference; includeInIndex = 1; lastKnownFileType = text.xcconfig; name = "Pods-RxPagerViewTests.debug.xcconfig"; path = "Target Support Files/Pods-RxPagerViewTests/Pods-RxPagerViewTests.debug.xcconfig"; sourceTree = "<group>"; };
/* End PBXFileReference section */

/* Begin PBXFrameworksBuildPhase section */
		0457D40427D1FC5F008744CA /* Frameworks */ = {
			isa = PBXFrameworksBuildPhase;
			buildActionMask = 2147483647;
			files = (
				2947D4A1F698C1E034FADA40 /* Pods_RxPagerView.framework in Frameworks */,
			);
			runOnlyForDeploymentPostprocessing = 0;
		};
		0457D41A27D1FC61008744CA /* Frameworks */ = {
			isa = PBXFrameworksBuildPhase;
			buildActionMask = 2147483647;
			files = (
				BF13B72A13B6E56B7658AF66 /* Pods_RxPagerViewTests.framework in Frameworks */,
			);
			runOnlyForDeploymentPostprocessing = 0;
		};
		0457D42427D1FC61008744CA /* Frameworks */ = {
			isa = PBXFrameworksBuildPhase;
			buildActionMask = 2147483647;
			files = (
				700B2686DFB996C0EE6F35B2 /* Pods_RxPagerView_RxPagerViewUITests.framework in Frameworks */,
			);
			runOnlyForDeploymentPostprocessing = 0;
		};
/* End PBXFrameworksBuildPhase section */

/* Begin PBXGroup section */
		0457D3FE27D1FC5F008744CA = {
			isa = PBXGroup;
			children = (
				0457D40927D1FC5F008744CA /* RxPagerView */,
				0457D42027D1FC61008744CA /* RxPagerViewTests */,
				0457D42A27D1FC61008744CA /* RxPagerViewUITests */,
				0457D40827D1FC5F008744CA /* Products */,
				BFF64898679F11572252A661 /* Pods */,
				327CD15364FE8CBAF97B5622 /* Frameworks */,
			);
			sourceTree = "<group>";
		};
		0457D40827D1FC5F008744CA /* Products */ = {
			isa = PBXGroup;
			children = (
				0457D40727D1FC5F008744CA /* RxPagerView.app */,
				0457D41D27D1FC61008744CA /* RxPagerViewTests.xctest */,
				0457D42727D1FC61008744CA /* RxPagerViewUITests.xctest */,
			);
			name = Products;
			sourceTree = "<group>";
		};
		0457D40927D1FC5F008744CA /* RxPagerView */ = {
			isa = PBXGroup;
			children = (
				0457D43A27D200CE008744CA /* Sources */,
				0457D40A27D1FC5F008744CA /* AppDelegate.swift */,
				0457D40C27D1FC5F008744CA /* SceneDelegate.swift */,
				0457D40E27D1FC5F008744CA /* ViewController.swift */,
				0457D41027D1FC5F008744CA /* Main.storyboard */,
				0457D41327D1FC61008744CA /* Assets.xcassets */,
				0457D41527D1FC61008744CA /* LaunchScreen.storyboard */,
				0457D41827D1FC61008744CA /* Info.plist */,
			);
			path = RxPagerView;
			sourceTree = "<group>";
		};
		0457D42027D1FC61008744CA /* RxPagerViewTests */ = {
			isa = PBXGroup;
			children = (
				0457D42127D1FC61008744CA /* RxPagerViewTests.swift */,
			);
			path = RxPagerViewTests;
			sourceTree = "<group>";
		};
		0457D42A27D1FC61008744CA /* RxPagerViewUITests */ = {
			isa = PBXGroup;
			children = (
				0457D42B27D1FC61008744CA /* RxPagerViewUITests.swift */,
				0457D42D27D1FC61008744CA /* RxPagerViewUITestsLaunchTests.swift */,
			);
			path = RxPagerViewUITests;
			sourceTree = "<group>";
		};
		0457D43A27D200CE008744CA /* Sources */ = {
			isa = PBXGroup;
			children = (
				0457D43F27D208BD008744CA /* Note.swift */,
				0457D43C27D200CE008744CA /* RxFSPageControl.swift */,
				0457D43B27D200CE008744CA /* RxFSPagerView.swift */,
			);
			path = Sources;
			sourceTree = SOURCE_ROOT;
		};
		327CD15364FE8CBAF97B5622 /* Frameworks */ = {
			isa = PBXGroup;
			children = (
				3195CC7175DF313A09B1B024 /* Pods_RxPagerView.framework */,
				50CCF5E3D827DD50A8CCFAC7 /* Pods_RxPagerView_RxPagerViewUITests.framework */,
				244A4B5CD30F88153A5EA81C /* Pods_RxPagerViewTests.framework */,
			);
			name = Frameworks;
			sourceTree = "<group>";
		};
		BFF64898679F11572252A661 /* Pods */ = {
			isa = PBXGroup;
			children = (
				CA3D1694057E87997CB4C1F5 /* Pods-RxPagerView.debug.xcconfig */,
				87D75B4554A3AF5F7B5BF09D /* Pods-RxPagerView.release.xcconfig */,
				CD4C7A9C2497BEC5329CDBE3 /* Pods-RxPagerView-RxPagerViewUITests.debug.xcconfig */,
				42566FA56F384EB99244A467 /* Pods-RxPagerView-RxPagerViewUITests.release.xcconfig */,
				CE5A06D3BCB8ED8BA4CF2C03 /* Pods-RxPagerViewTests.debug.xcconfig */,
				9BB478DFF4EA06D312897B7D /* Pods-RxPagerViewTests.release.xcconfig */,
			);
			path = Pods;
			sourceTree = "<group>";
		};
/* End PBXGroup section */

/* Begin PBXNativeTarget section */
		0457D40627D1FC5F008744CA /* RxPagerView */ = {
			isa = PBXNativeTarget;
			buildConfigurationList = 0457D43127D1FC61008744CA /* Build configuration list for PBXNativeTarget "RxPagerView" */;
			buildPhases = (
				60A4D0E6B82DA6F947B80156 /* [CP] Check Pods Manifest.lock */,
				0457D40327D1FC5F008744CA /* Sources */,
				0457D40427D1FC5F008744CA /* Frameworks */,
				0457D40527D1FC5F008744CA /* Resources */,
				9843826B5DA19B964A4D8C04 /* [CP] Embed Pods Frameworks */,
			);
			buildRules = (
			);
			dependencies = (
			);
			name = RxPagerView;
			productName = RxPagerView;
			productReference = 0457D40727D1FC5F008744CA /* RxPagerView.app */;
			productType = "com.apple.product-type.application";
		};
		0457D41C27D1FC61008744CA /* RxPagerViewTests */ = {
			isa = PBXNativeTarget;
			buildConfigurationList = 0457D43427D1FC61008744CA /* Build configuration list for PBXNativeTarget "RxPagerViewTests" */;
			buildPhases = (
				AA00791B0B45DDEBC5C0E377 /* [CP] Check Pods Manifest.lock */,
				0457D41927D1FC61008744CA /* Sources */,
				0457D41A27D1FC61008744CA /* Frameworks */,
				0457D41B27D1FC61008744CA /* Resources */,
			);
			buildRules = (
			);
			dependencies = (
				0457D41F27D1FC61008744CA /* PBXTargetDependency */,
			);
			name = RxPagerViewTests;
			productName = RxPagerViewTests;
			productReference = 0457D41D27D1FC61008744CA /* RxPagerViewTests.xctest */;
			productType = "com.apple.product-type.bundle.unit-test";
		};
		0457D42627D1FC61008744CA /* RxPagerViewUITests */ = {
			isa = PBXNativeTarget;
			buildConfigurationList = 0457D43727D1FC61008744CA /* Build configuration list for PBXNativeTarget "RxPagerViewUITests" */;
			buildPhases = (
				F15BB4D3A87E3A0BFB141907 /* [CP] Check Pods Manifest.lock */,
				0457D42327D1FC61008744CA /* Sources */,
				0457D42427D1FC61008744CA /* Frameworks */,
				0457D42527D1FC61008744CA /* Resources */,
				60FF1A03A1C1761820503BF1 /* [CP] Embed Pods Frameworks */,
			);
			buildRules = (
			);
			dependencies = (
				0457D42927D1FC61008744CA /* PBXTargetDependency */,
			);
			name = RxPagerViewUITests;
			productName = RxPagerViewUITests;
			productReference = 0457D42727D1FC61008744CA /* RxPagerViewUITests.xctest */;
			productType = "com.apple.product-type.bundle.ui-testing";
		};
/* End PBXNativeTarget section */

/* Begin PBXProject section */
		0457D3FF27D1FC5F008744CA /* Project object */ = {
			isa = PBXProject;
			attributes = {
				BuildIndependentTargetsInParallel = 1;
				LastSwiftUpdateCheck = 1320;
				LastUpgradeCheck = 1320;
				TargetAttributes = {
					0457D40627D1FC5F008744CA = {
						CreatedOnToolsVersion = 13.2.1;
					};
					0457D41C27D1FC61008744CA = {
						CreatedOnToolsVersion = 13.2.1;
						TestTargetID = 0457D40627D1FC5F008744CA;
					};
					0457D42627D1FC61008744CA = {
						CreatedOnToolsVersion = 13.2.1;
						TestTargetID = 0457D40627D1FC5F008744CA;
					};
				};
			};
			buildConfigurationList = 0457D40227D1FC5F008744CA /* Build configuration list for PBXProject "RxPagerView" */;
			compatibilityVersion = "Xcode 13.0";
			developmentRegion = en;
			hasScannedForEncodings = 0;
			knownRegions = (
				en,
				Base,
			);
			mainGroup = 0457D3FE27D1FC5F008744CA;
			productRefGroup = 0457D40827D1FC5F008744CA /* Products */;
			projectDirPath = "";
			projectRoot = "";
			targets = (
				0457D40627D1FC5F008744CA /* RxPagerView */,
				0457D41C27D1FC61008744CA /* RxPagerViewTests */,
				0457D42627D1FC61008744CA /* RxPagerViewUITests */,
			);
		};
/* End PBXProject section */

/* Begin PBXResourcesBuildPhase section */
		0457D40527D1FC5F008744CA /* Resources */ = {
			isa = PBXResourcesBuildPhase;
			buildActionMask = 2147483647;
			files = (
				0457D41727D1FC61008744CA /* LaunchScreen.storyboard in Resources */,
				0457D41427D1FC61008744CA /* Assets.xcassets in Resources */,
				0457D41227D1FC5F008744CA /* Main.storyboard in Resources */,
			);
			runOnlyForDeploymentPostprocessing = 0;
		};
		0457D41B27D1FC61008744CA /* Resources */ = {
			isa = PBXResourcesBuildPhase;
			buildActionMask = 2147483647;
			files = (
			);
			runOnlyForDeploymentPostprocessing = 0;
		};
		0457D42527D1FC61008744CA /* Resources */ = {
			isa = PBXResourcesBuildPhase;
			buildActionMask = 2147483647;
			files = (
			);
			runOnlyForDeploymentPostprocessing = 0;
		};
/* End PBXResourcesBuildPhase section */

/* Begin PBXShellScriptBuildPhase section */
		60A4D0E6B82DA6F947B80156 /* [CP] Check Pods Manifest.lock */ = {
			isa = PBXShellScriptBuildPhase;
			buildActionMask = 2147483647;
			files = (
			);
			inputFileListPaths = (
			);
			inputPaths = (
				"${PODS_PODFILE_DIR_PATH}/Podfile.lock",
				"${PODS_ROOT}/Manifest.lock",
			);
			name = "[CP] Check Pods Manifest.lock";
			outputFileListPaths = (
			);
			outputPaths = (
				"$(DERIVED_FILE_DIR)/Pods-RxPagerView-checkManifestLockResult.txt",
			);
			runOnlyForDeploymentPostprocessing = 0;
			shellPath = /bin/sh;
			shellScript = "diff \"${PODS_PODFILE_DIR_PATH}/Podfile.lock\" \"${PODS_ROOT}/Manifest.lock\" > /dev/null\nif [ $? != 0 ] ; then\n    # print error to STDERR\n    echo \"error: The sandbox is not in sync with the Podfile.lock. Run 'pod install' or update your CocoaPods installation.\" >&2\n    exit 1\nfi\n# This output is used by Xcode 'outputs' to avoid re-running this script phase.\necho \"SUCCESS\" > \"${SCRIPT_OUTPUT_FILE_0}\"\n";
			showEnvVarsInLog = 0;
		};
		60FF1A03A1C1761820503BF1 /* [CP] Embed Pods Frameworks */ = {
			isa = PBXShellScriptBuildPhase;
			buildActionMask = 2147483647;
			files = (
			);
			inputFileListPaths = (
				"${PODS_ROOT}/Target Support Files/Pods-RxPagerView-RxPagerViewUITests/Pods-RxPagerView-RxPagerViewUITests-frameworks-${CONFIGURATION}-input-files.xcfilelist",
			);
			name = "[CP] Embed Pods Frameworks";
			outputFileListPaths = (
				"${PODS_ROOT}/Target Support Files/Pods-RxPagerView-RxPagerViewUITests/Pods-RxPagerView-RxPagerViewUITests-frameworks-${CONFIGURATION}-output-files.xcfilelist",
			);
			runOnlyForDeploymentPostprocessing = 0;
			shellPath = /bin/sh;
			shellScript = "\"${PODS_ROOT}/Target Support Files/Pods-RxPagerView-RxPagerViewUITests/Pods-RxPagerView-RxPagerViewUITests-frameworks.sh\"\n";
			showEnvVarsInLog = 0;
		};
		9843826B5DA19B964A4D8C04 /* [CP] Embed Pods Frameworks */ = {
			isa = PBXShellScriptBuildPhase;
			buildActionMask = 2147483647;
			files = (
			);
			inputFileListPaths = (
				"${PODS_ROOT}/Target Support Files/Pods-RxPagerView/Pods-RxPagerView-frameworks-${CONFIGURATION}-input-files.xcfilelist",
			);
			name = "[CP] Embed Pods Frameworks";
			outputFileListPaths = (
				"${PODS_ROOT}/Target Support Files/Pods-RxPagerView/Pods-RxPagerView-frameworks-${CONFIGURATION}-output-files.xcfilelist",
			);
			runOnlyForDeploymentPostprocessing = 0;
			shellPath = /bin/sh;
			shellScript = "\"${PODS_ROOT}/Target Support Files/Pods-RxPagerView/Pods-RxPagerView-frameworks.sh\"\n";
			showEnvVarsInLog = 0;
		};
		AA00791B0B45DDEBC5C0E377 /* [CP] Check Pods Manifest.lock */ = {
			isa = PBXShellScriptBuildPhase;
			buildActionMask = 2147483647;
			files = (
			);
			inputFileListPaths = (
			);
			inputPaths = (
				"${PODS_PODFILE_DIR_PATH}/Podfile.lock",
				"${PODS_ROOT}/Manifest.lock",
			);
			name = "[CP] Check Pods Manifest.lock";
			outputFileListPaths = (
			);
			outputPaths = (
				"$(DERIVED_FILE_DIR)/Pods-RxPagerViewTests-checkManifestLockResult.txt",
			);
			runOnlyForDeploymentPostprocessing = 0;
			shellPath = /bin/sh;
			shellScript = "diff \"${PODS_PODFILE_DIR_PATH}/Podfile.lock\" \"${PODS_ROOT}/Manifest.lock\" > /dev/null\nif [ $? != 0 ] ; then\n    # print error to STDERR\n    echo \"error: The sandbox is not in sync with the Podfile.lock. Run 'pod install' or update your CocoaPods installation.\" >&2\n    exit 1\nfi\n# This output is used by Xcode 'outputs' to avoid re-running this script phase.\necho \"SUCCESS\" > \"${SCRIPT_OUTPUT_FILE_0}\"\n";
			showEnvVarsInLog = 0;
		};
		F15BB4D3A87E3A0BFB141907 /* [CP] Check Pods Manifest.lock */ = {
			isa = PBXShellScriptBuildPhase;
			buildActionMask = 2147483647;
			files = (
			);
			inputFileListPaths = (
			);
			inputPaths = (
				"${PODS_PODFILE_DIR_PATH}/Podfile.lock",
				"${PODS_ROOT}/Manifest.lock",
			);
			name = "[CP] Check Pods Manifest.lock";
			outputFileListPaths = (
			);
			outputPaths = (
				"$(DERIVED_FILE_DIR)/Pods-RxPagerView-RxPagerViewUITests-checkManifestLockResult.txt",
			);
			runOnlyForDeploymentPostprocessing = 0;
			shellPath = /bin/sh;
			shellScript = "diff \"${PODS_PODFILE_DIR_PATH}/Podfile.lock\" \"${PODS_ROOT}/Manifest.lock\" > /dev/null\nif [ $? != 0 ] ; then\n    # print error to STDERR\n    echo \"error: The sandbox is not in sync with the Podfile.lock. Run 'pod install' or update your CocoaPods installation.\" >&2\n    exit 1\nfi\n# This output is used by Xcode 'outputs' to avoid re-running this script phase.\necho \"SUCCESS\" > \"${SCRIPT_OUTPUT_FILE_0}\"\n";
			showEnvVarsInLog = 0;
		};
/* End PBXShellScriptBuildPhase section */

/* Begin PBXSourcesBuildPhase section */
		0457D40327D1FC5F008744CA /* Sources */ = {
			isa = PBXSourcesBuildPhase;
			buildActionMask = 2147483647;
			files = (
				0457D40F27D1FC5F008744CA /* ViewController.swift in Sources */,
				0457D44027D208BD008744CA /* Note.swift in Sources */,
				0457D40B27D1FC5F008744CA /* AppDelegate.swift in Sources */,
				0457D40D27D1FC5F008744CA /* SceneDelegate.swift in Sources */,
				0457D43D27D200CE008744CA /* RxFSPagerView.swift in Sources */,
				0457D43E27D200CE008744CA /* RxFSPageControl.swift in Sources */,
			);
			runOnlyForDeploymentPostprocessing = 0;
		};
		0457D41927D1FC61008744CA /* Sources */ = {
			isa = PBXSourcesBuildPhase;
			buildActionMask = 2147483647;
			files = (
				0457D42227D1FC61008744CA /* RxPagerViewTests.swift in Sources */,
			);
			runOnlyForDeploymentPostprocessing = 0;
		};
		0457D42327D1FC61008744CA /* Sources */ = {
			isa = PBXSourcesBuildPhase;
			buildActionMask = 2147483647;
			files = (
				0457D42C27D1FC61008744CA /* RxPagerViewUITests.swift in Sources */,
				0457D42E27D1FC61008744CA /* RxPagerViewUITestsLaunchTests.swift in Sources */,
			);
			runOnlyForDeploymentPostprocessing = 0;
		};
/* End PBXSourcesBuildPhase section */

/* Begin PBXTargetDependency section */
		0457D41F27D1FC61008744CA /* PBXTargetDependency */ = {
			isa = PBXTargetDependency;
			target = 0457D40627D1FC5F008744CA /* RxPagerView */;
			targetProxy = 0457D41E27D1FC61008744CA /* PBXContainerItemProxy */;
		};
		0457D42927D1FC61008744CA /* PBXTargetDependency */ = {
			isa = PBXTargetDependency;
			target = 0457D40627D1FC5F008744CA /* RxPagerView */;
			targetProxy = 0457D42827D1FC61008744CA /* PBXContainerItemProxy */;
		};
/* End PBXTargetDependency section */

/* Begin PBXVariantGroup section */
		0457D41027D1FC5F008744CA /* Main.storyboard */ = {
			isa = PBXVariantGroup;
			children = (
				0457D41127D1FC5F008744CA /* Base */,
			);
			name = Main.storyboard;
			sourceTree = "<group>";
		};
		0457D41527D1FC61008744CA /* LaunchScreen.storyboard */ = {
			isa = PBXVariantGroup;
			children = (
				0457D41627D1FC61008744CA /* Base */,
			);
			name = LaunchScreen.storyboard;
			sourceTree = "<group>";
		};
/* End PBXVariantGroup section */

/* Begin XCBuildConfiguration section */
		0457D42F27D1FC61008744CA /* Debug */ = {
			isa = XCBuildConfiguration;
			buildSettings = {
				ALWAYS_SEARCH_USER_PATHS = NO;
				CLANG_ANALYZER_NONNULL = YES;
				CLANG_ANALYZER_NUMBER_OBJECT_CONVERSION = YES_AGGRESSIVE;
				CLANG_CXX_LANGUAGE_STANDARD = "gnu++17";
				CLANG_CXX_LIBRARY = "libc++";
				CLANG_ENABLE_MODULES = YES;
				CLANG_ENABLE_OBJC_ARC = YES;
				CLANG_ENABLE_OBJC_WEAK = YES;
				CLANG_WARN_BLOCK_CAPTURE_AUTORELEASING = YES;
				CLANG_WARN_BOOL_CONVERSION = YES;
				CLANG_WARN_COMMA = YES;
				CLANG_WARN_CONSTANT_CONVERSION = YES;
				CLANG_WARN_DEPRECATED_OBJC_IMPLEMENTATIONS = YES;
				CLANG_WARN_DIRECT_OBJC_ISA_USAGE = YES_ERROR;
				CLANG_WARN_DOCUMENTATION_COMMENTS = YES;
				CLANG_WARN_EMPTY_BODY = YES;
				CLANG_WARN_ENUM_CONVERSION = YES;
				CLANG_WARN_INFINITE_RECURSION = YES;
				CLANG_WARN_INT_CONVERSION = YES;
				CLANG_WARN_NON_LITERAL_NULL_CONVERSION = YES;
				CLANG_WARN_OBJC_IMPLICIT_RETAIN_SELF = YES;
				CLANG_WARN_OBJC_LITERAL_CONVERSION = YES;
				CLANG_WARN_OBJC_ROOT_CLASS = YES_ERROR;
				CLANG_WARN_QUOTED_INCLUDE_IN_FRAMEWORK_HEADER = YES;
				CLANG_WARN_RANGE_LOOP_ANALYSIS = YES;
				CLANG_WARN_STRICT_PROTOTYPES = YES;
				CLANG_WARN_SUSPICIOUS_MOVE = YES;
				CLANG_WARN_UNGUARDED_AVAILABILITY = YES_AGGRESSIVE;
				CLANG_WARN_UNREACHABLE_CODE = YES;
				CLANG_WARN__DUPLICATE_METHOD_MATCH = YES;
				COPY_PHASE_STRIP = NO;
				DEBUG_INFORMATION_FORMAT = dwarf;
				ENABLE_STRICT_OBJC_MSGSEND = YES;
				ENABLE_TESTABILITY = YES;
				GCC_C_LANGUAGE_STANDARD = gnu11;
				GCC_DYNAMIC_NO_PIC = NO;
				GCC_NO_COMMON_BLOCKS = YES;
				GCC_OPTIMIZATION_LEVEL = 0;
				GCC_PREPROCESSOR_DEFINITIONS = (
					"DEBUG=1",
					"$(inherited)",
				);
				GCC_WARN_64_TO_32_BIT_CONVERSION = YES;
				GCC_WARN_ABOUT_RETURN_TYPE = YES_ERROR;
				GCC_WARN_UNDECLARED_SELECTOR = YES;
				GCC_WARN_UNINITIALIZED_AUTOS = YES_AGGRESSIVE;
				GCC_WARN_UNUSED_FUNCTION = YES;
				GCC_WARN_UNUSED_VARIABLE = YES;
				IPHONEOS_DEPLOYMENT_TARGET = 15.2;
				MTL_ENABLE_DEBUG_INFO = INCLUDE_SOURCE;
				MTL_FAST_MATH = YES;
				ONLY_ACTIVE_ARCH = YES;
				SDKROOT = iphoneos;
				SWIFT_ACTIVE_COMPILATION_CONDITIONS = DEBUG;
				SWIFT_OPTIMIZATION_LEVEL = "-Onone";
			};
			name = Debug;
		};
		0457D43027D1FC61008744CA /* Release */ = {
			isa = XCBuildConfiguration;
			buildSettings = {
				ALWAYS_SEARCH_USER_PATHS = NO;
				CLANG_ANALYZER_NONNULL = YES;
				CLANG_ANALYZER_NUMBER_OBJECT_CONVERSION = YES_AGGRESSIVE;
				CLANG_CXX_LANGUAGE_STANDARD = "gnu++17";
				CLANG_CXX_LIBRARY = "libc++";
				CLANG_ENABLE_MODULES = YES;
				CLANG_ENABLE_OBJC_ARC = YES;
				CLANG_ENABLE_OBJC_WEAK = YES;
				CLANG_WARN_BLOCK_CAPTURE_AUTORELEASING = YES;
				CLANG_WARN_BOOL_CONVERSION = YES;
				CLANG_WARN_COMMA = YES;
				CLANG_WARN_CONSTANT_CONVERSION = YES;
				CLANG_WARN_DEPRECATED_OBJC_IMPLEMENTATIONS = YES;
				CLANG_WARN_DIRECT_OBJC_ISA_USAGE = YES_ERROR;
				CLANG_WARN_DOCUMENTATION_COMMENTS = YES;
				CLANG_WARN_EMPTY_BODY = YES;
				CLANG_WARN_ENUM_CONVERSION = YES;
				CLANG_WARN_INFINITE_RECURSION = YES;
				CLANG_WARN_INT_CONVERSION = YES;
				CLANG_WARN_NON_LITERAL_NULL_CONVERSION = YES;
				CLANG_WARN_OBJC_IMPLICIT_RETAIN_SELF = YES;
				CLANG_WARN_OBJC_LITERAL_CONVERSION = YES;
				CLANG_WARN_OBJC_ROOT_CLASS = YES_ERROR;
				CLANG_WARN_QUOTED_INCLUDE_IN_FRAMEWORK_HEADER = YES;
				CLANG_WARN_RANGE_LOOP_ANALYSIS = YES;
				CLANG_WARN_STRICT_PROTOTYPES = YES;
				CLANG_WARN_SUSPICIOUS_MOVE = YES;
				CLANG_WARN_UNGUARDED_AVAILABILITY = YES_AGGRESSIVE;
				CLANG_WARN_UNREACHABLE_CODE = YES;
				CLANG_WARN__DUPLICATE_METHOD_MATCH = YES;
				COPY_PHASE_STRIP = NO;
				DEBUG_INFORMATION_FORMAT = "dwarf-with-dsym";
				ENABLE_NS_ASSERTIONS = NO;
				ENABLE_STRICT_OBJC_MSGSEND = YES;
				GCC_C_LANGUAGE_STANDARD = gnu11;
				GCC_NO_COMMON_BLOCKS = YES;
				GCC_WARN_64_TO_32_BIT_CONVERSION = YES;
				GCC_WARN_ABOUT_RETURN_TYPE = YES_ERROR;
				GCC_WARN_UNDECLARED_SELECTOR = YES;
				GCC_WARN_UNINITIALIZED_AUTOS = YES_AGGRESSIVE;
				GCC_WARN_UNUSED_FUNCTION = YES;
				GCC_WARN_UNUSED_VARIABLE = YES;
				IPHONEOS_DEPLOYMENT_TARGET = 15.2;
				MTL_ENABLE_DEBUG_INFO = NO;
				MTL_FAST_MATH = YES;
				SDKROOT = iphoneos;
				SWIFT_COMPILATION_MODE = wholemodule;
				SWIFT_OPTIMIZATION_LEVEL = "-O";
				VALIDATE_PRODUCT = YES;
			};
			name = Release;
		};
		0457D43227D1FC61008744CA /* Debug */ = {
			isa = XCBuildConfiguration;
			baseConfigurationReference = CA3D1694057E87997CB4C1F5 /* Pods-RxPagerView.debug.xcconfig */;
			buildSettings = {
				ASSETCATALOG_COMPILER_APPICON_NAME = AppIcon;
				ASSETCATALOG_COMPILER_GLOBAL_ACCENT_COLOR_NAME = AccentColor;
				CODE_SIGN_STYLE = Automatic;
				CURRENT_PROJECT_VERSION = 1;
				DEVELOPMENT_TEAM = "";
				GENERATE_INFOPLIST_FILE = YES;
				INFOPLIST_FILE = RxPagerView/Info.plist;
				INFOPLIST_KEY_UIApplicationSupportsIndirectInputEvents = YES;
				INFOPLIST_KEY_UILaunchStoryboardName = LaunchScreen;
				INFOPLIST_KEY_UIMainStoryboardFile = Main;
				INFOPLIST_KEY_UISupportedInterfaceOrientations_iPad = "UIInterfaceOrientationPortrait UIInterfaceOrientationPortraitUpsideDown UIInterfaceOrientationLandscapeLeft UIInterfaceOrientationLandscapeRight";
				INFOPLIST_KEY_UISupportedInterfaceOrientations_iPhone = "UIInterfaceOrientationPortrait UIInterfaceOrientationLandscapeLeft UIInterfaceOrientationLandscapeRight";
				LD_RUNPATH_SEARCH_PATHS = (
					"$(inherited)",
					"@executable_path/Frameworks",
				);
				MARKETING_VERSION = 1.0;
				PRODUCT_BUNDLE_IDENTIFIER = Condy.RxPagerView;
				PRODUCT_NAME = "$(TARGET_NAME)";
				SWIFT_EMIT_LOC_STRINGS = YES;
				SWIFT_VERSION = 5.0;
				TARGETED_DEVICE_FAMILY = "1,2";
			};
			name = Debug;
		};
		0457D43327D1FC61008744CA /* Release */ = {
			isa = XCBuildConfiguration;
			baseConfigurationReference = 87D75B4554A3AF5F7B5BF09D /* Pods-RxPagerView.release.xcconfig */;
			buildSettings = {
				ASSETCATALOG_COMPILER_APPICON_NAME = AppIcon;
				ASSETCATALOG_COMPILER_GLOBAL_ACCENT_COLOR_NAME = AccentColor;
				CODE_SIGN_STYLE = Automatic;
				CURRENT_PROJECT_VERSION = 1;
				DEVELOPMENT_TEAM = "";
				GENERATE_INFOPLIST_FILE = YES;
				INFOPLIST_FILE = RxPagerView/Info.plist;
				INFOPLIST_KEY_UIApplicationSupportsIndirectInputEvents = YES;
				INFOPLIST_KEY_UILaunchStoryboardName = LaunchScreen;
				INFOPLIST_KEY_UIMainStoryboardFile = Main;
				INFOPLIST_KEY_UISupportedInterfaceOrientations_iPad = "UIInterfaceOrientationPortrait UIInterfaceOrientationPortraitUpsideDown UIInterfaceOrientationLandscapeLeft UIInterfaceOrientationLandscapeRight";
				INFOPLIST_KEY_UISupportedInterfaceOrientations_iPhone = "UIInterfaceOrientationPortrait UIInterfaceOrientationLandscapeLeft UIInterfaceOrientationLandscapeRight";
				LD_RUNPATH_SEARCH_PATHS = (
					"$(inherited)",
					"@executable_path/Frameworks",
				);
				MARKETING_VERSION = 1.0;
				PRODUCT_BUNDLE_IDENTIFIER = Condy.RxPagerView;
				PRODUCT_NAME = "$(TARGET_NAME)";
				SWIFT_EMIT_LOC_STRINGS = YES;
				SWIFT_VERSION = 5.0;
				TARGETED_DEVICE_FAMILY = "1,2";
			};
			name = Release;
		};
		0457D43527D1FC61008744CA /* Debug */ = {
			isa = XCBuildConfiguration;
			baseConfigurationReference = CE5A06D3BCB8ED8BA4CF2C03 /* Pods-RxPagerViewTests.debug.xcconfig */;
			buildSettings = {
				ALWAYS_EMBED_SWIFT_STANDARD_LIBRARIES = YES;
				BUNDLE_LOADER = "$(TEST_HOST)";
				CODE_SIGN_STYLE = Automatic;
				CURRENT_PROJECT_VERSION = 1;
				GENERATE_INFOPLIST_FILE = YES;
				IPHONEOS_DEPLOYMENT_TARGET = 15.2;
				MARKETING_VERSION = 1.0;
				PRODUCT_BUNDLE_IDENTIFIER = Condy.RxPagerViewTests;
				PRODUCT_NAME = "$(TARGET_NAME)";
				SWIFT_EMIT_LOC_STRINGS = NO;
				SWIFT_VERSION = 5.0;
				TARGETED_DEVICE_FAMILY = "1,2";
				TEST_HOST = "$(BUILT_PRODUCTS_DIR)/RxPagerView.app/RxPagerView";
			};
			name = Debug;
		};
		0457D43627D1FC61008744CA /* Release */ = {
			isa = XCBuildConfiguration;
			baseConfigurationReference = 9BB478DFF4EA06D312897B7D /* Pods-RxPagerViewTests.release.xcconfig */;
			buildSettings = {
				ALWAYS_EMBED_SWIFT_STANDARD_LIBRARIES = YES;
				BUNDLE_LOADER = "$(TEST_HOST)";
				CODE_SIGN_STYLE = Automatic;
				CURRENT_PROJECT_VERSION = 1;
				GENERATE_INFOPLIST_FILE = YES;
				IPHONEOS_DEPLOYMENT_TARGET = 15.2;
				MARKETING_VERSION = 1.0;
				PRODUCT_BUNDLE_IDENTIFIER = Condy.RxPagerViewTests;
				PRODUCT_NAME = "$(TARGET_NAME)";
				SWIFT_EMIT_LOC_STRINGS = NO;
				SWIFT_VERSION = 5.0;
				TARGETED_DEVICE_FAMILY = "1,2";
				TEST_HOST = "$(BUILT_PRODUCTS_DIR)/RxPagerView.app/RxPagerView";
			};
			name = Release;
		};
		0457D43827D1FC61008744CA /* Debug */ = {
			isa = XCBuildConfiguration;
			baseConfigurationReference = CD4C7A9C2497BEC5329CDBE3 /* Pods-RxPagerView-RxPagerViewUITests.debug.xcconfig */;
			buildSettings = {
				ALWAYS_EMBED_SWIFT_STANDARD_LIBRARIES = YES;
				CODE_SIGN_STYLE = Automatic;
				CURRENT_PROJECT_VERSION = 1;
				GENERATE_INFOPLIST_FILE = YES;
				MARKETING_VERSION = 1.0;
				PRODUCT_BUNDLE_IDENTIFIER = Condy.RxPagerViewUITests;
				PRODUCT_NAME = "$(TARGET_NAME)";
				SWIFT_EMIT_LOC_STRINGS = NO;
				SWIFT_VERSION = 5.0;
				TARGETED_DEVICE_FAMILY = "1,2";
				TEST_TARGET_NAME = RxPagerView;
			};
			name = Debug;
		};
		0457D43927D1FC61008744CA /* Release */ = {
			isa = XCBuildConfiguration;
			baseConfigurationReference = 42566FA56F384EB99244A467 /* Pods-RxPagerView-RxPagerViewUITests.release.xcconfig */;
			buildSettings = {
				ALWAYS_EMBED_SWIFT_STANDARD_LIBRARIES = YES;
				CODE_SIGN_STYLE = Automatic;
				CURRENT_PROJECT_VERSION = 1;
				GENERATE_INFOPLIST_FILE = YES;
				MARKETING_VERSION = 1.0;
				PRODUCT_BUNDLE_IDENTIFIER = Condy.RxPagerViewUITests;
				PRODUCT_NAME = "$(TARGET_NAME)";
				SWIFT_EMIT_LOC_STRINGS = NO;
				SWIFT_VERSION = 5.0;
				TARGETED_DEVICE_FAMILY = "1,2";
				TEST_TARGET_NAME = RxPagerView;
			};
			name = Release;
		};
/* End XCBuildConfiguration section */

/* Begin XCConfigurationList section */
		0457D40227D1FC5F008744CA /* Build configuration list for PBXProject "RxPagerView" */ = {
			isa = XCConfigurationList;
			buildConfigurations = (
				0457D42F27D1FC61008744CA /* Debug */,
				0457D43027D1FC61008744CA /* Release */,
			);
			defaultConfigurationIsVisible = 0;
			defaultConfigurationName = Release;
		};
		0457D43127D1FC61008744CA /* Build configuration list for PBXNativeTarget "RxPagerView" */ = {
			isa = XCConfigurationList;
			buildConfigurations = (
				0457D43227D1FC61008744CA /* Debug */,
				0457D43327D1FC61008744CA /* Release */,
			);
			defaultConfigurationIsVisible = 0;
			defaultConfigurationName = Release;
		};
		0457D43427D1FC61008744CA /* Build configuration list for PBXNativeTarget "RxPagerViewTests" */ = {
			isa = XCConfigurationList;
			buildConfigurations = (
				0457D43527D1FC61008744CA /* Debug */,
				0457D43627D1FC61008744CA /* Release */,
			);
			defaultConfigurationIsVisible = 0;
			defaultConfigurationName = Release;
		};
		0457D43727D1FC61008744CA /* Build configuration list for PBXNativeTarget "RxPagerViewUITests" */ = {
			isa = XCConfigurationList;
			buildConfigurations = (
				0457D43827D1FC61008744CA /* Debug */,
				0457D43927D1FC61008744CA /* Release */,
			);
			defaultConfigurationIsVisible = 0;
			defaultConfigurationName = Release;
		};
/* End XCConfigurationList section */
	};
	rootObject = 0457D3FF27D1FC5F008744CA /* Project object */;
}
